// !$*UTF8*$!
{
	archiveVersion = 1;
	classes = {
	};
	objectVersion = 50;
	objects = {

/* Begin PBXBuildFile section */
		3E1F94EA23010CD500268396 /* AppDelegate.swift in Sources */ = {isa = PBXBuildFile; fileRef = 3E1F94E923010CD500268396 /* AppDelegate.swift */; };
		3E1F94EC23010CD500268396 /* ViewController.swift in Sources */ = {isa = PBXBuildFile; fileRef = 3E1F94EB23010CD500268396 /* ViewController.swift */; };
		3E1F94EF23010CD500268396 /* Main.storyboard in Resources */ = {isa = PBXBuildFile; fileRef = 3E1F94ED23010CD500268396 /* Main.storyboard */; };
		3E1F94F123010CD700268396 /* Assets.xcassets in Resources */ = {isa = PBXBuildFile; fileRef = 3E1F94F023010CD700268396 /* Assets.xcassets */; };
		3E1F94F423010CD700268396 /* LaunchScreen.storyboard in Resources */ = {isa = PBXBuildFile; fileRef = 3E1F94F223010CD700268396 /* LaunchScreen.storyboard */; };
		3E1F94FF23010CD800268396 /* GalleryImageUploadTests.swift in Sources */ = {isa = PBXBuildFile; fileRef = 3E1F94FE23010CD800268396 /* GalleryImageUploadTests.swift */; };
		6252ACE5E6AE227839EB2E55 /* Pods_GalleryImageUploadTests.framework in Frameworks */ = {isa = PBXBuildFile; fileRef = 6D343955E850B7DC298C2D79 /* Pods_GalleryImageUploadTests.framework */; };
		F47FE9EAA4C18243CD6BFC62 /* Pods_GalleryImageUpload.framework in Frameworks */ = {isa = PBXBuildFile; fileRef = 39A2DAD7302BE409680C882D /* Pods_GalleryImageUpload.framework */; };
/* End PBXBuildFile section */

/* Begin PBXContainerItemProxy section */
		3E1F94FB23010CD700268396 /* PBXContainerItemProxy */ = {
			isa = PBXContainerItemProxy;
			containerPortal = 3E1F94DE23010CD500268396 /* Project object */;
			proxyType = 1;
			remoteGlobalIDString = 3E1F94E523010CD500268396;
			remoteInfo = GalleryImageUpload;
		};
/* End PBXContainerItemProxy section */

/* Begin PBXFileReference section */
		0CF5DAC46531CB8E1F7C8AB8 /* Pods-GalleryImageUploadTests.release.xcconfig */ = {isa = PBXFileReference; includeInIndex = 1; lastKnownFileType = text.xcconfig; name = "Pods-GalleryImageUploadTests.release.xcconfig"; path = "Target Support Files/Pods-GalleryImageUploadTests/Pods-GalleryImageUploadTests.release.xcconfig"; sourceTree = "<group>"; };
		2D61DAEDB23DE450E83B847C /* Pods-GalleryImageUpload.debug.xcconfig */ = {isa = PBXFileReference; includeInIndex = 1; lastKnownFileType = text.xcconfig; name = "Pods-GalleryImageUpload.debug.xcconfig"; path = "Target Support Files/Pods-GalleryImageUpload/Pods-GalleryImageUpload.debug.xcconfig"; sourceTree = "<group>"; };
		39A2DAD7302BE409680C882D /* Pods_GalleryImageUpload.framework */ = {isa = PBXFileReference; explicitFileType = wrapper.framework; includeInIndex = 0; path = Pods_GalleryImageUpload.framework; sourceTree = BUILT_PRODUCTS_DIR; };
		3C677A2CE3DB7D60B257C1CB /* Pods-GalleryImageUploadTests.debug.xcconfig */ = {isa = PBXFileReference; includeInIndex = 1; lastKnownFileType = text.xcconfig; name = "Pods-GalleryImageUploadTests.debug.xcconfig"; path = "Target Support Files/Pods-GalleryImageUploadTests/Pods-GalleryImageUploadTests.debug.xcconfig"; sourceTree = "<group>"; };
		3E1F94E623010CD500268396 /* GalleryImageUpload.app */ = {isa = PBXFileReference; explicitFileType = wrapper.application; includeInIndex = 0; path = GalleryImageUpload.app; sourceTree = BUILT_PRODUCTS_DIR; };
		3E1F94E923010CD500268396 /* AppDelegate.swift */ = {isa = PBXFileReference; lastKnownFileType = sourcecode.swift; path = AppDelegate.swift; sourceTree = "<group>"; };
		3E1F94EB23010CD500268396 /* ViewController.swift */ = {isa = PBXFileReference; lastKnownFileType = sourcecode.swift; path = ViewController.swift; sourceTree = "<group>"; };
		3E1F94EE23010CD500268396 /* Base */ = {isa = PBXFileReference; lastKnownFileType = file.storyboard; name = Base; path = Base.lproj/Main.storyboard; sourceTree = "<group>"; };
		3E1F94F023010CD700268396 /* Assets.xcassets */ = {isa = PBXFileReference; lastKnownFileType = folder.assetcatalog; path = Assets.xcassets; sourceTree = "<group>"; };
		3E1F94F323010CD700268396 /* Base */ = {isa = PBXFileReference; lastKnownFileType = file.storyboard; name = Base; path = Base.lproj/LaunchScreen.storyboard; sourceTree = "<group>"; };
		3E1F94F523010CD700268396 /* Info.plist */ = {isa = PBXFileReference; lastKnownFileType = text.plist.xml; path = Info.plist; sourceTree = "<group>"; };
		3E1F94FA23010CD700268396 /* GalleryImageUploadTests.xctest */ = {isa = PBXFileReference; explicitFileType = wrapper.cfbundle; includeInIndex = 0; path = GalleryImageUploadTests.xctest; sourceTree = BUILT_PRODUCTS_DIR; };
		3E1F94FE23010CD800268396 /* GalleryImageUploadTests.swift */ = {isa = PBXFileReference; lastKnownFileType = sourcecode.swift; path = GalleryImageUploadTests.swift; sourceTree = "<group>"; };
		3E1F950023010CD800268396 /* Info.plist */ = {isa = PBXFileReference; lastKnownFileType = text.plist.xml; path = Info.plist; sourceTree = "<group>"; };
		6D343955E850B7DC298C2D79 /* Pods_GalleryImageUploadTests.framework */ = {isa = PBXFileReference; explicitFileType = wrapper.framework; includeInIndex = 0; path = Pods_GalleryImageUploadTests.framework; sourceTree = BUILT_PRODUCTS_DIR; };
		D8AAE22542B66AF674F8B7CF /* Pods-GalleryImageUpload.release.xcconfig */ = {isa = PBXFileReference; includeInIndex = 1; lastKnownFileType = text.xcconfig; name = "Pods-GalleryImageUpload.release.xcconfig"; path = "Target Support Files/Pods-GalleryImageUpload/Pods-GalleryImageUpload.release.xcconfig"; sourceTree = "<group>"; };
/* End PBXFileReference section */

/* Begin PBXFrameworksBuildPhase section */
		3E1F94E323010CD500268396 /* Frameworks */ = {
			isa = PBXFrameworksBuildPhase;
			buildActionMask = 2147483647;
			files = (
				F47FE9EAA4C18243CD6BFC62 /* Pods_GalleryImageUpload.framework in Frameworks */,
			);
			runOnlyForDeploymentPostprocessing = 0;
		};
		3E1F94F723010CD700268396 /* Frameworks */ = {
			isa = PBXFrameworksBuildPhase;
			buildActionMask = 2147483647;
			files = (
				6252ACE5E6AE227839EB2E55 /* Pods_GalleryImageUploadTests.framework in Frameworks */,
			);
			runOnlyForDeploymentPostprocessing = 0;
		};
/* End PBXFrameworksBuildPhase section */

/* Begin PBXGroup section */
		3E1F94DD23010CD500268396 = {
			isa = PBXGroup;
			children = (
				3E1F94E823010CD500268396 /* GalleryImageUpload */,
				3E1F94FD23010CD800268396 /* GalleryImageUploadTests */,
				3E1F94E723010CD500268396 /* Products */,
				EA1F09E21FFAEEE8F5B409AC /* Pods */,
				5E526D48D52D927424CFA860 /* Frameworks */,
			);
			sourceTree = "<group>";
		};
		3E1F94E723010CD500268396 /* Products */ = {
			isa = PBXGroup;
			children = (
				3E1F94E623010CD500268396 /* GalleryImageUpload.app */,
				3E1F94FA23010CD700268396 /* GalleryImageUploadTests.xctest */,
			);
			name = Products;
			sourceTree = "<group>";
		};
		3E1F94E823010CD500268396 /* GalleryImageUpload */ = {
			isa = PBXGroup;
			children = (
				3E1F94E923010CD500268396 /* AppDelegate.swift */,
				3E1F94EB23010CD500268396 /* ViewController.swift */,
				3E1F94ED23010CD500268396 /* Main.storyboard */,
				3E1F94F023010CD700268396 /* Assets.xcassets */,
				3E1F94F223010CD700268396 /* LaunchScreen.storyboard */,
				3E1F94F523010CD700268396 /* Info.plist */,
			);
			path = GalleryImageUpload;
			sourceTree = "<group>";
		};
		3E1F94FD23010CD800268396 /* GalleryImageUploadTests */ = {
			isa = PBXGroup;
			children = (
				3E1F94FE23010CD800268396 /* GalleryImageUploadTests.swift */,
				3E1F950023010CD800268396 /* Info.plist */,
			);
			path = GalleryImageUploadTests;
			sourceTree = "<group>";
		};
		5E526D48D52D927424CFA860 /* Frameworks */ = {
			isa = PBXGroup;
			children = (
				39A2DAD7302BE409680C882D /* Pods_GalleryImageUpload.framework */,
				6D343955E850B7DC298C2D79 /* Pods_GalleryImageUploadTests.framework */,
			);
			name = Frameworks;
			sourceTree = "<group>";
		};
		EA1F09E21FFAEEE8F5B409AC /* Pods */ = {
			isa = PBXGroup;
			children = (
				2D61DAEDB23DE450E83B847C /* Pods-GalleryImageUpload.debug.xcconfig */,
				D8AAE22542B66AF674F8B7CF /* Pods-GalleryImageUpload.release.xcconfig */,
				3C677A2CE3DB7D60B257C1CB /* Pods-GalleryImageUploadTests.debug.xcconfig */,
				0CF5DAC46531CB8E1F7C8AB8 /* Pods-GalleryImageUploadTests.release.xcconfig */,
			);
			name = Pods;
			path = Pods;
			sourceTree = "<group>";
		};
/* End PBXGroup section */

/* Begin PBXNativeTarget section */
		3E1F94E523010CD500268396 /* GalleryImageUpload */ = {
			isa = PBXNativeTarget;
			buildConfigurationList = 3E1F950323010CD800268396 /* Build configuration list for PBXNativeTarget "GalleryImageUpload" */;
			buildPhases = (
				C51A8FF7AE589468B78784F7 /* [CP] Check Pods Manifest.lock */,
				3E1F94E223010CD500268396 /* Sources */,
				3E1F94E323010CD500268396 /* Frameworks */,
				3E1F94E423010CD500268396 /* Resources */,
				62B4C88604D332AF214F60BB /* [CP] Embed Pods Frameworks */,
			);
			buildRules = (
			);
			dependencies = (
			);
			name = GalleryImageUpload;
			productName = GalleryImageUpload;
			productReference = 3E1F94E623010CD500268396 /* GalleryImageUpload.app */;
			productType = "com.apple.product-type.application";
		};
		3E1F94F923010CD700268396 /* GalleryImageUploadTests */ = {
			isa = PBXNativeTarget;
			buildConfigurationList = 3E1F950623010CD800268396 /* Build configuration list for PBXNativeTarget "GalleryImageUploadTests" */;
			buildPhases = (
				8BCADC4B7AABFFD942166F71 /* [CP] Check Pods Manifest.lock */,
				3E1F94F623010CD700268396 /* Sources */,
				3E1F94F723010CD700268396 /* Frameworks */,
				3E1F94F823010CD700268396 /* Resources */,
			);
			buildRules = (
			);
			dependencies = (
				3E1F94FC23010CD700268396 /* PBXTargetDependency */,
			);
			name = GalleryImageUploadTests;
			productName = GalleryImageUploadTests;
			productReference = 3E1F94FA23010CD700268396 /* GalleryImageUploadTests.xctest */;
			productType = "com.apple.product-type.bundle.unit-test";
		};
/* End PBXNativeTarget section */

/* Begin PBXProject section */
		3E1F94DE23010CD500268396 /* Project object */ = {
			isa = PBXProject;
			attributes = {
				LastSwiftUpdateCheck = 1020;
				LastUpgradeCheck = 1020;
				ORGANIZATIONNAME = Elwan;
				TargetAttributes = {
					3E1F94E523010CD500268396 = {
						CreatedOnToolsVersion = 10.2.1;
					};
					3E1F94F923010CD700268396 = {
						CreatedOnToolsVersion = 10.2.1;
						TestTargetID = 3E1F94E523010CD500268396;
					};
				};
			};
			buildConfigurationList = 3E1F94E123010CD500268396 /* Build configuration list for PBXProject "GalleryImageUpload" */;
			compatibilityVersion = "Xcode 9.3";
			developmentRegion = en;
			hasScannedForEncodings = 0;
			knownRegions = (
				en,
				Base,
			);
			mainGroup = 3E1F94DD23010CD500268396;
			productRefGroup = 3E1F94E723010CD500268396 /* Products */;
			projectDirPath = "";
			projectRoot = "";
			targets = (
				3E1F94E523010CD500268396 /* GalleryImageUpload */,
				3E1F94F923010CD700268396 /* GalleryImageUploadTests */,
			);
		};
/* End PBXProject section */

/* Begin PBXResourcesBuildPhase section */
		3E1F94E423010CD500268396 /* Resources */ = {
			isa = PBXResourcesBuildPhase;
			buildActionMask = 2147483647;
			files = (
				3E1F94F423010CD700268396 /* LaunchScreen.storyboard in Resources */,
				3E1F94F123010CD700268396 /* Assets.xcassets in Resources */,
				3E1F94EF23010CD500268396 /* Main.storyboard in Resources */,
			);
			runOnlyForDeploymentPostprocessing = 0;
		};
		3E1F94F823010CD700268396 /* Resources */ = {
			isa = PBXResourcesBuildPhase;
			buildActionMask = 2147483647;
			files = (
			);
			runOnlyForDeploymentPostprocessing = 0;
		};
/* End PBXResourcesBuildPhase section */

/* Begin PBXShellScriptBuildPhase section */
		62B4C88604D332AF214F60BB /* [CP] Embed Pods Frameworks */ = {
			isa = PBXShellScriptBuildPhase;
			buildActionMask = 2147483647;
			files = (
			);
			inputFileListPaths = (
				"${PODS_ROOT}/Target Support Files/Pods-GalleryImageUpload/Pods-GalleryImageUpload-frameworks-${CONFIGURATION}-input-files.xcfilelist",
			);
			name = "[CP] Embed Pods Frameworks";
			outputFileListPaths = (
				"${PODS_ROOT}/Target Support Files/Pods-GalleryImageUpload/Pods-GalleryImageUpload-frameworks-${CONFIGURATION}-output-files.xcfilelist",
			);
			runOnlyForDeploymentPostprocessing = 0;
			shellPath = /bin/sh;
			shellScript = "\"${PODS_ROOT}/Target Support Files/Pods-GalleryImageUpload/Pods-GalleryImageUpload-frameworks.sh\"\n";
			showEnvVarsInLog = 0;
		};
		8BCADC4B7AABFFD942166F71 /* [CP] Check Pods Manifest.lock */ = {
			isa = PBXShellScriptBuildPhase;
			buildActionMask = 2147483647;
			files = (
			);
			inputFileListPaths = (
			);
			inputPaths = (
				"${PODS_PODFILE_DIR_PATH}/Podfile.lock",
				"${PODS_ROOT}/Manifest.lock",
			);
			name = "[CP] Check Pods Manifest.lock";
			outputFileListPaths = (
			);
			outputPaths = (
				"$(DERIVED_FILE_DIR)/Pods-GalleryImageUploadTests-checkManifestLockResult.txt",
			);
			runOnlyForDeploymentPostprocessing = 0;
			shellPath = /bin/sh;
			shellScript = "diff \"${PODS_PODFILE_DIR_PATH}/Podfile.lock\" \"${PODS_ROOT}/Manifest.lock\" > /dev/null\nif [ $? != 0 ] ; then\n    # print error to STDERR\n    echo \"error: The sandbox is not in sync with the Podfile.lock. Run 'pod install' or update your CocoaPods installation.\" >&2\n    exit 1\nfi\n# This output is used by Xcode 'outputs' to avoid re-running this script phase.\necho \"SUCCESS\" > \"${SCRIPT_OUTPUT_FILE_0}\"\n";
			showEnvVarsInLog = 0;
		};
		C51A8FF7AE589468B78784F7 /* [CP] Check Pods Manifest.lock */ = {
			isa = PBXShellScriptBuildPhase;
			buildActionMask = 2147483647;
			files = (
			);
			inputFileListPaths = (
			);
			inputPaths = (
				"${PODS_PODFILE_DIR_PATH}/Podfile.lock",
				"${PODS_ROOT}/Manifest.lock",
			);
			name = "[CP] Check Pods Manifest.lock";
			outputFileListPaths = (
			);
			outputPaths = (
				"$(DERIVED_FILE_DIR)/Pods-GalleryImageUpload-checkManifestLockResult.txt",
			);
			runOnlyForDeploymentPostprocessing = 0;
			shellPath = /bin/sh;
			shellScript = "diff \"${PODS_PODFILE_DIR_PATH}/Podfile.lock\" \"${PODS_ROOT}/Manifest.lock\" > /dev/null\nif [ $? != 0 ] ; then\n    # print error to STDERR\n    echo \"error: The sandbox is not in sync with the Podfile.lock. Run 'pod install' or update your CocoaPods installation.\" >&2\n    exit 1\nfi\n# This output is used by Xcode 'outputs' to avoid re-running this script phase.\necho \"SUCCESS\" > \"${SCRIPT_OUTPUT_FILE_0}\"\n";
			showEnvVarsInLog = 0;
		};
/* End PBXShellScriptBuildPhase section */

/* Begin PBXSourcesBuildPhase section */
		3E1F94E223010CD500268396 /* Sources */ = {
			isa = PBXSourcesBuildPhase;
			buildActionMask = 2147483647;
			files = (
				3E1F94EC23010CD500268396 /* ViewController.swift in Sources */,
				3E1F94EA23010CD500268396 /* AppDelegate.swift in Sources */,
			);
			runOnlyForDeploymentPostprocessing = 0;
		};
		3E1F94F623010CD700268396 /* Sources */ = {
			isa = PBXSourcesBuildPhase;
			buildActionMask = 2147483647;
			files = (
				3E1F94FF23010CD800268396 /* GalleryImageUploadTests.swift in Sources */,
			);
			runOnlyForDeploymentPostprocessing = 0;
		};
/* End PBXSourcesBuildPhase section */

/* Begin PBXTargetDependency section */
		3E1F94FC23010CD700268396 /* PBXTargetDependency */ = {
			isa = PBXTargetDependency;
			target = 3E1F94E523010CD500268396 /* GalleryImageUpload */;
			targetProxy = 3E1F94FB23010CD700268396 /* PBXContainerItemProxy */;
		};
/* End PBXTargetDependency section */

/* Begin PBXVariantGroup section */
		3E1F94ED23010CD500268396 /* Main.storyboard */ = {
			isa = PBXVariantGroup;
			children = (
				3E1F94EE23010CD500268396 /* Base */,
			);
			name = Main.storyboard;
			sourceTree = "<group>";
		};
		3E1F94F223010CD700268396 /* LaunchScreen.storyboard */ = {
			isa = PBXVariantGroup;
			children = (
				3E1F94F323010CD700268396 /* Base */,
			);
			name = LaunchScreen.storyboard;
			sourceTree = "<group>";
		};
/* End PBXVariantGroup section */

/* Begin XCBuildConfiguration section */
		3E1F950123010CD800268396 /* Debug */ = {
			isa = XCBuildConfiguration;
			buildSettings = {
				ALWAYS_SEARCH_USER_PATHS = NO;
				CLANG_ANALYZER_NONNULL = YES;
				CLANG_ANALYZER_NUMBER_OBJECT_CONVERSION = YES_AGGRESSIVE;
				CLANG_CXX_LANGUAGE_STANDARD = "gnu++14";
				CLANG_CXX_LIBRARY = "libc++";
				CLANG_ENABLE_MODULES = YES;
				CLANG_ENABLE_OBJC_ARC = YES;
				CLANG_ENABLE_OBJC_WEAK = YES;
				CLANG_WARN_BLOCK_CAPTURE_AUTORELEASING = YES;
				CLANG_WARN_BOOL_CONVERSION = YES;
				CLANG_WARN_COMMA = YES;
				CLANG_WARN_CONSTANT_CONVERSION = YES;
				CLANG_WARN_DEPRECATED_OBJC_IMPLEMENTATIONS = YES;
				CLANG_WARN_DIRECT_OBJC_ISA_USAGE = YES_ERROR;
				CLANG_WARN_DOCUMENTATION_COMMENTS = YES;
				CLANG_WARN_EMPTY_BODY = YES;
				CLANG_WARN_ENUM_CONVERSION = YES;
				CLANG_WARN_INFINITE_RECURSION = YES;
				CLANG_WARN_INT_CONVERSION = YES;
				CLANG_WARN_NON_LITERAL_NULL_CONVERSION = YES;
				CLANG_WARN_OBJC_IMPLICIT_RETAIN_SELF = YES;
				CLANG_WARN_OBJC_LITERAL_CONVERSION = YES;
				CLANG_WARN_OBJC_ROOT_CLASS = YES_ERROR;
				CLANG_WARN_RANGE_LOOP_ANALYSIS = YES;
				CLANG_WARN_STRICT_PROTOTYPES = YES;
				CLANG_WARN_SUSPICIOUS_MOVE = YES;
				CLANG_WARN_UNGUARDED_AVAILABILITY = YES_AGGRESSIVE;
				CLANG_WARN_UNREACHABLE_CODE = YES;
				CLANG_WARN__DUPLICATE_METHOD_MATCH = YES;
				CODE_SIGN_IDENTITY = "iPhone Developer";
				COPY_PHASE_STRIP = NO;
				DEBUG_INFORMATION_FORMAT = dwarf;
				ENABLE_STRICT_OBJC_MSGSEND = YES;
				ENABLE_TESTABILITY = YES;
				GCC_C_LANGUAGE_STANDARD = gnu11;
				GCC_DYNAMIC_NO_PIC = NO;
				GCC_NO_COMMON_BLOCKS = YES;
				GCC_OPTIMIZATION_LEVEL = 0;
				GCC_PREPROCESSOR_DEFINITIONS = (
					"DEBUG=1",
					"$(inherited)",
				);
				GCC_WARN_64_TO_32_BIT_CONVERSION = YES;
				GCC_WARN_ABOUT_RETURN_TYPE = YES_ERROR;
				GCC_WARN_UNDECLARED_SELECTOR = YES;
				GCC_WARN_UNINITIALIZED_AUTOS = YES_AGGRESSIVE;
				GCC_WARN_UNUSED_FUNCTION = YES;
				GCC_WARN_UNUSED_VARIABLE = YES;
				IPHONEOS_DEPLOYMENT_TARGET = 10.2;
				MTL_ENABLE_DEBUG_INFO = INCLUDE_SOURCE;
				MTL_FAST_MATH = YES;
				ONLY_ACTIVE_ARCH = YES;
				SDKROOT = iphoneos;
				SWIFT_ACTIVE_COMPILATION_CONDITIONS = DEBUG;
				SWIFT_OPTIMIZATION_LEVEL = "-Onone";
				SWIFT_VERSION = 4.2;
			};
			name = Debug;
		};
		3E1F950223010CD800268396 /* Release */ = {
			isa = XCBuildConfiguration;
			buildSettings = {
				ALWAYS_SEARCH_USER_PATHS = NO;
				CLANG_ANALYZER_NONNULL = YES;
				CLANG_ANALYZER_NUMBER_OBJECT_CONVERSION = YES_AGGRESSIVE;
				CLANG_CXX_LANGUAGE_STANDARD = "gnu++14";
				CLANG_CXX_LIBRARY = "libc++";
				CLANG_ENABLE_MODULES = YES;
				CLANG_ENABLE_OBJC_ARC = YES;
				CLANG_ENABLE_OBJC_WEAK = YES;
				CLANG_WARN_BLOCK_CAPTURE_AUTORELEASING = YES;
				CLANG_WARN_BOOL_CONVERSION = YES;
				CLANG_WARN_COMMA = YES;
				CLANG_WARN_CONSTANT_CONVERSION = YES;
				CLANG_WARN_DEPRECATED_OBJC_IMPLEMENTATIONS = YES;
				CLANG_WARN_DIRECT_OBJC_ISA_USAGE = YES_ERROR;
				CLANG_WARN_DOCUMENTATION_COMMENTS = YES;
				CLANG_WARN_EMPTY_BODY = YES;
				CLANG_WARN_ENUM_CONVERSION = YES;
				CLANG_WARN_INFINITE_RECURSION = YES;
				CLANG_WARN_INT_CONVERSION = YES;
				CLANG_WARN_NON_LITERAL_NULL_CONVERSION = YES;
				CLANG_WARN_OBJC_IMPLICIT_RETAIN_SELF = YES;
				CLANG_WARN_OBJC_LITERAL_CONVERSION = YES;
				CLANG_WARN_OBJC_ROOT_CLASS = YES_ERROR;
				CLANG_WARN_RANGE_LOOP_ANALYSIS = YES;
				CLANG_WARN_STRICT_PROTOTYPES = YES;
				CLANG_WARN_SUSPICIOUS_MOVE = YES;
				CLANG_WARN_UNGUARDED_AVAILABILITY = YES_AGGRESSIVE;
				CLANG_WARN_UNREACHABLE_CODE = YES;
				CLANG_WARN__DUPLICATE_METHOD_MATCH = YES;
				CODE_SIGN_IDENTITY = "iPhone Developer";
				COPY_PHASE_STRIP = NO;
				DEBUG_INFORMATION_FORMAT = "dwarf-with-dsym";
				ENABLE_NS_ASSERTIONS = NO;
				ENABLE_STRICT_OBJC_MSGSEND = YES;
				GCC_C_LANGUAGE_STANDARD = gnu11;
				GCC_NO_COMMON_BLOCKS = YES;
				GCC_WARN_64_TO_32_BIT_CONVERSION = YES;
				GCC_WARN_ABOUT_RETURN_TYPE = YES_ERROR;
				GCC_WARN_UNDECLARED_SELECTOR = YES;
				GCC_WARN_UNINITIALIZED_AUTOS = YES_AGGRESSIVE;
				GCC_WARN_UNUSED_FUNCTION = YES;
				GCC_WARN_UNUSED_VARIABLE = YES;
				IPHONEOS_DEPLOYMENT_TARGET = 10.2;
				MTL_ENABLE_DEBUG_INFO = NO;
				MTL_FAST_MATH = YES;
				SDKROOT = iphoneos;
				SWIFT_COMPILATION_MODE = wholemodule;
				SWIFT_OPTIMIZATION_LEVEL = "-O";
				SWIFT_VERSION = 4.2;
				VALIDATE_PRODUCT = YES;
			};
			name = Release;
		};
		3E1F950423010CD800268396 /* Debug */ = {
			isa = XCBuildConfiguration;
			baseConfigurationReference = 2D61DAEDB23DE450E83B847C /* Pods-GalleryImageUpload.debug.xcconfig */;
			buildSettings = {
				ASSETCATALOG_COMPILER_APPICON_NAME = AppIcon;
				CODE_SIGN_STYLE = Automatic;
				DEVELOPMENT_TEAM = 7DRTN6B9Y6;
				INFOPLIST_FILE = GalleryImageUpload/Info.plist;
				LD_RUNPATH_SEARCH_PATHS = (
					"$(inherited)",
					"@executable_path/Frameworks",
				);
				PRODUCT_BUNDLE_IDENTIFIER = Elwan.GalleryImageUpload;
				PRODUCT_NAME = "$(TARGET_NAME)";
				SWIFT_VERSION = 4.2;
				TARGETED_DEVICE_FAMILY = "1,2";
			};
			name = Debug;
		};
		3E1F950523010CD800268396 /* Release */ = {
			isa = XCBuildConfiguration;
			baseConfigurationReference = D8AAE22542B66AF674F8B7CF /* Pods-GalleryImageUpload.release.xcconfig */;
			buildSettings = {
				ASSETCATALOG_COMPILER_APPICON_NAME = AppIcon;
				CODE_SIGN_STYLE = Automatic;
				DEVELOPMENT_TEAM = 7DRTN6B9Y6;
				INFOPLIST_FILE = GalleryImageUpload/Info.plist;
				LD_RUNPATH_SEARCH_PATHS = (
					"$(inherited)",
					"@executable_path/Frameworks",
				);
				PRODUCT_BUNDLE_IDENTIFIER = Elwan.GalleryImageUpload;
				PRODUCT_NAME = "$(TARGET_NAME)";
				SWIFT_VERSION = 4.2;
				TARGETED_DEVICE_FAMILY = "1,2";
			};
			name = Release;
		};
		3E1F950723010CD800268396 /* Debug */ = {
			isa = XCBuildConfiguration;
			baseConfigurationReference = 3C677A2CE3DB7D60B257C1CB /* Pods-GalleryImageUploadTests.debug.xcconfig */;
			buildSettings = {
				ALWAYS_EMBED_SWIFT_STANDARD_LIBRARIES = YES;
				BUNDLE_LOADER = "$(TEST_HOST)";
				CODE_SIGN_STYLE = Automatic;
				DEVELOPMENT_TEAM = 7DRTN6B9Y6;
				INFOPLIST_FILE = GalleryImageUploadTests/Info.plist;
				LD_RUNPATH_SEARCH_PATHS = (
					"$(inherited)",
					"@executable_path/Frameworks",
					"@loader_path/Frameworks",
				);
				PRODUCT_BUNDLE_IDENTIFIER = Elwan.GalleryImageUploadTests;
				PRODUCT_NAME = "$(TARGET_NAME)";
				SWIFT_VERSION = 4.2;
				TARGETED_DEVICE_FAMILY = "1,2";
				TEST_HOST = "$(BUILT_PRODUCTS_DIR)/GalleryImageUpload.app/GalleryImageUpload";
			};
			name = Debug;
		};
		3E1F950823010CD800268396 /* Release */ = {
			isa = XCBuildConfiguration;
			baseConfigurationReference = 0CF5DAC46531CB8E1F7C8AB8 /* Pods-GalleryImageUploadTests.release.xcconfig */;
			buildSettings = {
				ALWAYS_EMBED_SWIFT_STANDARD_LIBRARIES = YES;
				BUNDLE_LOADER = "$(TEST_HOST)";
				CODE_SIGN_STYLE = Automatic;
				DEVELOPMENT_TEAM = 7DRTN6B9Y6;
				INFOPLIST_FILE = GalleryImageUploadTests/Info.plist;
				LD_RUNPATH_SEARCH_PATHS = (
					"$(inherited)",
					"@executable_path/Frameworks",
					"@loader_path/Frameworks",
				);
				PRODUCT_BUNDLE_IDENTIFIER = Elwan.GalleryImageUploadTests;
				PRODUCT_NAME = "$(TARGET_NAME)";
				SWIFT_VERSION = 4.2;
				TARGETED_DEVICE_FAMILY = "1,2";
				TEST_HOST = "$(BUILT_PRODUCTS_DIR)/GalleryImageUpload.app/GalleryImageUpload";
			};
			name = Release;
		};
/* End XCBuildConfiguration section */

/* Begin XCConfigurationList section */
		3E1F94E123010CD500268396 /* Build configuration list for PBXProject "GalleryImageUpload" */ = {
			isa = XCConfigurationList;
			buildConfigurations = (
				3E1F950123010CD800268396 /* Debug */,
				3E1F950223010CD800268396 /* Release */,
			);
			defaultConfigurationIsVisible = 0;
			defaultConfigurationName = Release;
		};
		3E1F950323010CD800268396 /* Build configuration list for PBXNativeTarget "GalleryImageUpload" */ = {
			isa = XCConfigurationList;
			buildConfigurations = (
				3E1F950423010CD800268396 /* Debug */,
				3E1F950523010CD800268396 /* Release */,
			);
			defaultConfigurationIsVisible = 0;
			defaultConfigurationName = Release;
		};
		3E1F950623010CD800268396 /* Build configuration list for PBXNativeTarget "GalleryImageUploadTests" */ = {
			isa = XCConfigurationList;
			buildConfigurations = (
				3E1F950723010CD800268396 /* Debug */,
				3E1F950823010CD800268396 /* Release */,
			);
			defaultConfigurationIsVisible = 0;
			defaultConfigurationName = Release;
		};
/* End XCConfigurationList section */
	};
	rootObject = 3E1F94DE23010CD500268396 /* Project object */;
}
